
Microsoft Visual Studio Solution File, Format Version 11.00
# Visual Studio 2010
Project("{FAE04EC0-301F-11D3-BF4B-00C04F79EFBC}") = "DomainModel", "DomainModel\DomainModel.csproj", "{52DA0FC3-8589-41A8-B091-1C90F94E8A09}"
EndProject
Project("{FAE04EC0-301F-11D3-BF4B-00C04F79EFBC}") = "BugTrackerMVC", "BugTrackerMVC\BugTrackerMVC.csproj", "{A25E3BF2-5DF9-43D4-A28F-8E944CC5E0D0}"
EndProject
Project("{FAE04EC0-301F-11D3-BF4B-00C04F79EFBC}") = "BugTrackerMVC.Tests", "BugTrackerMVC.Tests\BugTrackerMVC.Tests.csproj", "{02934487-1109-4164-99E1-EF7BB0EBC7A6}"
EndProject
Global
	GlobalSection(SolutionConfigurationPlatforms) = preSolution
		Debug|Any CPU = Debug|Any CPU
		Release|Any CPU = Release|Any CPU
	EndGlobalSection
	GlobalSection(ProjectConfigurationPlatforms) = postSolution
		{52DA0FC3-8589-41A8-B091-1C90F94E8A09}.Debug|Any CPU.ActiveCfg = Debug|Any CPU
		{52DA0FC3-8589-41A8-B091-1C90F94E8A09}.Debug|Any CPU.Build.0 = Debug|Any CPU
		{52DA0FC3-8589-41A8-B091-1C90F94E8A09}.Release|Any CPU.ActiveCfg = Release|Any CPU
		{52DA0FC3-8589-41A8-B091-1C90F94E8A09}.Release|Any CPU.Build.0 = Release|Any CPU
		{A25E3BF2-5DF9-43D4-A28F-8E944CC5E0D0}.Debug|Any CPU.ActiveCfg = Debug|Any CPU
		{A25E3BF2-5DF9-43D4-A28F-8E944CC5E0D0}.Debug|Any CPU.Build.0 = Debug|Any CPU
		{A25E3BF2-5DF9-43D4-A28F-8E944CC5E0D0}.Release|Any CPU.ActiveCfg = Release|Any CPU
		{A25E3BF2-5DF9-43D4-A28F-8E944CC5E0D0}.Release|Any CPU.Build.0 = Release|Any CPU
		{02934487-1109-4164-99E1-EF7BB0EBC7A6}.Debug|Any CPU.ActiveCfg = Debug|Any CPU
		{02934487-1109-4164-99E1-EF7BB0EBC7A6}.Debug|Any CPU.Build.0 = Debug|Any CPU
		{02934487-1109-4164-99E1-EF7BB0EBC7A6}.Release|Any CPU.ActiveCfg = Release|Any CPU
		{02934487-1109-4164-99E1-EF7BB0EBC7A6}.Release|Any CPU.Build.0 = Release|Any CPU
	EndGlobalSection
	GlobalSection(SolutionProperties) = preSolution
		HideSolutionNode = FALSE
	EndGlobalSection
EndGlobal
